PODS:
  - Alamofire (4.8.2)
  - Kingfisher (4.10.1)
  - SwiftLint (0.33.1)

DEPENDENCIES:
  - Alamofire (~> 4.4)
  - Kingfisher (~> 4.0)
  - SwiftLint

SPEC REPOS:
  https://github.com/cocoapods/specs.git:
    - Alamofire
    - Kingfisher
    - SwiftLint

SPEC CHECKSUMS:
  Alamofire: ae5c501addb7afdbb13687d7f2f722c78734c2d3
  Kingfisher: c148cd7b47ebde9989f6bc7c27dcaa79d81279a0
  SwiftLint: 9fc1143bbacec37f94994a7d0d2a85b2154b6294

PODFILE CHECKSUM: b97c24ef24287eebc3cd1f5050304273f818ecd6

COCOAPODS: 1.5.3
